
Microsoft Visual Studio Solution File, Format Version 12.00
# Visual Studio 15
VisualStudioVersion = 15.0.26228.4
MinimumVisualStudioVersion = 10.0.40219.1
Project("{FAE04EC0-301F-11D3-BF4B-00C04F79EFBC}") = "ForFC", "ForFC\ForFC.csproj", "{FDEDBE65-0B88-49EC-A96D-91BE91C0199F}"
EndProject
Project("{FAE04EC0-301F-11D3-BF4B-00C04F79EFBC}") = "ConsoleApp", "ConsoleApp\ConsoleApp.csproj", "{C6861DA0-EA11-4114-B171-DCD15E2AC713}"
EndProject
Project("{FAE04EC0-301F-11D3-BF4B-00C04F79EFBC}") = "Lib", "Lib\Lib.csproj", "{A381CDFE-93E2-457D-8389-2213DF6460DC}"
EndProject
Global
	GlobalSection(SolutionConfigurationPlatforms) = preSolution
		Debug|Any CPU = Debug|Any CPU
		Release|Any CPU = Release|Any CPU
	EndGlobalSection
	GlobalSection(ProjectConfigurationPlatforms) = postSolution
		{FDEDBE65-0B88-49EC-A96D-91BE91C0199F}.Debug|Any CPU.ActiveCfg = Debug|Any CPU
		{FDEDBE65-0B88-49EC-A96D-91BE91C0199F}.Debug|Any CPU.Build.0 = Debug|Any CPU
		{FDEDBE65-0B88-49EC-A96D-91BE91C0199F}.Release|Any CPU.ActiveCfg = Release|Any CPU
		{FDEDBE65-0B88-49EC-A96D-91BE91C0199F}.Release|Any CPU.Build.0 = Release|Any CPU
		{C6861DA0-EA11-4114-B171-DCD15E2AC713}.Debug|Any CPU.ActiveCfg = Debug|Any CPU
		{C6861DA0-EA11-4114-B171-DCD15E2AC713}.Debug|Any CPU.Build.0 = Debug|Any CPU
		{C6861DA0-EA11-4114-B171-DCD15E2AC713}.Release|Any CPU.ActiveCfg = Release|Any CPU
		{C6861DA0-EA11-4114-B171-DCD15E2AC713}.Release|Any CPU.Build.0 = Release|Any CPU
		{A381CDFE-93E2-457D-8389-2213DF6460DC}.Debug|Any CPU.ActiveCfg = Debug|Any CPU
		{A381CDFE-93E2-457D-8389-2213DF6460DC}.Debug|Any CPU.Build.0 = Debug|Any CPU
		{A381CDFE-93E2-457D-8389-2213DF6460DC}.Release|Any CPU.ActiveCfg = Release|Any CPU
		{A381CDFE-93E2-457D-8389-2213DF6460DC}.Release|Any CPU.Build.0 = Release|Any CPU
	EndGlobalSection
	GlobalSection(SolutionProperties) = preSolution
		HideSolutionNode = FALSE
	EndGlobalSection
EndGlobal
